
Microsoft Visual Studio Solution File, Format Version 12.00
# Visual Studio 15
VisualStudioVersion = 15.0.28307.271
MinimumVisualStudioVersion = 10.0.40219.1
Project("{FAE04EC0-301F-11D3-BF4B-00C04F79EFBC}") = "SampleXamarinPush.Android", "SampleXamarinPush\SampleXamarinPush.Android\SampleXamarinPush.Android.csproj", "{180AF753-1AB9-4879-9D95-8419768777D0}"
EndProject
Project("{FAE04EC0-301F-11D3-BF4B-00C04F79EFBC}") = "SampleXamarinPush.iOS", "SampleXamarinPush\SampleXamarinPush.iOS\SampleXamarinPush.iOS.csproj", "{548C2C84-8DA8-417F-9545-4FC5B5179951}"
EndProject
Project("{FAE04EC0-301F-11D3-BF4B-00C04F79EFBC}") = "SampleXamarinPush", "SampleXamarinPush\SampleXamarinPush\SampleXamarinPush.csproj", "{F85B6992-F9C6-4BE7-9E3E-CF823F3EDD2C}"
EndProject
Global
	GlobalSection(SolutionConfigurationPlatforms) = preSolution
		Ad-Hoc|Any CPU = Ad-Hoc|Any CPU
		Ad-Hoc|iPhone = Ad-Hoc|iPhone
		Ad-Hoc|iPhoneSimulator = Ad-Hoc|iPhoneSimulator
		AppStore|Any CPU = AppStore|Any CPU
		AppStore|iPhone = AppStore|iPhone
		AppStore|iPhoneSimulator = AppStore|iPhoneSimulator
		Debug|Any CPU = Debug|Any CPU
		Debug|iPhone = Debug|iPhone
		Debug|iPhoneSimulator = Debug|iPhoneSimulator
		Release|Any CPU = Release|Any CPU
		Release|iPhone = Release|iPhone
		Release|iPhoneSimulator = Release|iPhoneSimulator
	EndGlobalSection
	GlobalSection(ProjectConfigurationPlatforms) = postSolution
		{180AF753-1AB9-4879-9D95-8419768777D0}.Ad-Hoc|Any CPU.ActiveCfg = Release|Any CPU
		{180AF753-1AB9-4879-9D95-8419768777D0}.Ad-Hoc|Any CPU.Build.0 = Release|Any CPU
		{180AF753-1AB9-4879-9D95-8419768777D0}.Ad-Hoc|Any CPU.Deploy.0 = Release|Any CPU
		{180AF753-1AB9-4879-9D95-8419768777D0}.Ad-Hoc|iPhone.ActiveCfg = Release|Any CPU
		{180AF753-1AB9-4879-9D95-8419768777D0}.Ad-Hoc|iPhone.Build.0 = Release|Any CPU
		{180AF753-1AB9-4879-9D95-8419768777D0}.Ad-Hoc|iPhone.Deploy.0 = Release|Any CPU
		{180AF753-1AB9-4879-9D95-8419768777D0}.Ad-Hoc|iPhoneSimulator.ActiveCfg = Release|Any CPU
		{180AF753-1AB9-4879-9D95-8419768777D0}.Ad-Hoc|iPhoneSimulator.Build.0 = Release|Any CPU
		{180AF753-1AB9-4879-9D95-8419768777D0}.Ad-Hoc|iPhoneSimulator.Deploy.0 = Release|Any CPU
		{180AF753-1AB9-4879-9D95-8419768777D0}.AppStore|Any CPU.ActiveCfg = Release|Any CPU
		{180AF753-1AB9-4879-9D95-8419768777D0}.AppStore|Any CPU.Build.0 = Release|Any CPU
		{180AF753-1AB9-4879-9D95-8419768777D0}.AppStore|Any CPU.Deploy.0 = Release|Any CPU
		{180AF753-1AB9-4879-9D95-8419768777D0}.AppStore|iPhone.ActiveCfg = Release|Any CPU
		{180AF753-1AB9-4879-9D95-8419768777D0}.AppStore|iPhone.Build.0 = Release|Any CPU
		{180AF753-1AB9-4879-9D95-8419768777D0}.AppStore|iPhone.Deploy.0 = Release|Any CPU
		{180AF753-1AB9-4879-9D95-8419768777D0}.AppStore|iPhoneSimulator.ActiveCfg = Release|Any CPU
		{180AF753-1AB9-4879-9D95-8419768777D0}.AppStore|iPhoneSimulator.Build.0 = Release|Any CPU
		{180AF753-1AB9-4879-9D95-8419768777D0}.AppStore|iPhoneSimulator.Deploy.0 = Release|Any CPU
		{180AF753-1AB9-4879-9D95-8419768777D0}.Debug|Any CPU.ActiveCfg = Debug|Any CPU
		{180AF753-1AB9-4879-9D95-8419768777D0}.Debug|Any CPU.Build.0 = Debug|Any CPU
		{180AF753-1AB9-4879-9D95-8419768777D0}.Debug|Any CPU.Deploy.0 = Debug|Any CPU
		{180AF753-1AB9-4879-9D95-8419768777D0}.Debug|iPhone.ActiveCfg = Debug|Any CPU
		{180AF753-1AB9-4879-9D95-8419768777D0}.Debug|iPhone.Build.0 = Debug|Any CPU
		{180AF753-1AB9-4879-9D95-8419768777D0}.Debug|iPhone.Deploy.0 = Debug|Any CPU
		{180AF753-1AB9-4879-9D95-8419768777D0}.Debug|iPhoneSimulator.ActiveCfg = Debug|Any CPU
		{180AF753-1AB9-4879-9D95-8419768777D0}.Debug|iPhoneSimulator.Build.0 = Debug|Any CPU
		{180AF753-1AB9-4879-9D95-8419768777D0}.Debug|iPhoneSimulator.Deploy.0 = Debug|Any CPU
		{180AF753-1AB9-4879-9D95-8419768777D0}.Release|Any CPU.ActiveCfg = Release|Any CPU
		{180AF753-1AB9-4879-9D95-8419768777D0}.Release|Any CPU.Build.0 = Release|Any CPU
		{180AF753-1AB9-4879-9D95-8419768777D0}.Release|Any CPU.Deploy.0 = Release|Any CPU
		{180AF753-1AB9-4879-9D95-8419768777D0}.Release|iPhone.ActiveCfg = Release|Any CPU
		{180AF753-1AB9-4879-9D95-8419768777D0}.Release|iPhone.Build.0 = Release|Any CPU
		{180AF753-1AB9-4879-9D95-8419768777D0}.Release|iPhone.Deploy.0 = Release|Any CPU
		{180AF753-1AB9-4879-9D95-8419768777D0}.Release|iPhoneSimulator.ActiveCfg = Release|Any CPU
		{180AF753-1AB9-4879-9D95-8419768777D0}.Release|iPhoneSimulator.Build.0 = Release|Any CPU
		{180AF753-1AB9-4879-9D95-8419768777D0}.Release|iPhoneSimulator.Deploy.0 = Release|Any CPU
		{548C2C84-8DA8-417F-9545-4FC5B5179951}.Ad-Hoc|Any CPU.ActiveCfg = Ad-Hoc|iPhone
		{548C2C84-8DA8-417F-9545-4FC5B5179951}.Ad-Hoc|Any CPU.Build.0 = Ad-Hoc|iPhone
		{548C2C84-8DA8-417F-9545-4FC5B5179951}.Ad-Hoc|Any CPU.Deploy.0 = Ad-Hoc|iPhone
		{548C2C84-8DA8-417F-9545-4FC5B5179951}.Ad-Hoc|iPhone.ActiveCfg = Ad-Hoc|iPhone
		{548C2C84-8DA8-417F-9545-4FC5B5179951}.Ad-Hoc|iPhone.Build.0 = Ad-Hoc|iPhone
		{548C2C84-8DA8-417F-9545-4FC5B5179951}.Ad-Hoc|iPhone.Deploy.0 = Ad-Hoc|iPhone
		{548C2C84-8DA8-417F-9545-4FC5B5179951}.Ad-Hoc|iPhoneSimulator.ActiveCfg = Ad-Hoc|iPhoneSimulator
		{548C2C84-8DA8-417F-9545-4FC5B5179951}.Ad-Hoc|iPhoneSimulator.Build.0 = Ad-Hoc|iPhoneSimulator
		{548C2C84-8DA8-417F-9545-4FC5B5179951}.Ad-Hoc|iPhoneSimulator.Deploy.0 = Ad-Hoc|iPhoneSimulator
		{548C2C84-8DA8-417F-9545-4FC5B5179951}.AppStore|Any CPU.ActiveCfg = AppStore|iPhone
		{548C2C84-8DA8-417F-9545-4FC5B5179951}.AppStore|Any CPU.Build.0 = AppStore|iPhone
		{548C2C84-8DA8-417F-9545-4FC5B5179951}.AppStore|Any CPU.Deploy.0 = AppStore|iPhone
		{548C2C84-8DA8-417F-9545-4FC5B5179951}.AppStore|iPhone.ActiveCfg = AppStore|iPhone
		{548C2C84-8DA8-417F-9545-4FC5B5179951}.AppStore|iPhone.Build.0 = AppStore|iPhone
		{548C2C84-8DA8-417F-9545-4FC5B5179951}.AppStore|iPhone.Deploy.0 = AppStore|iPhone
		{548C2C84-8DA8-417F-9545-4FC5B5179951}.AppStore|iPhoneSimulator.ActiveCfg = AppStore|iPhoneSimulator
		{548C2C84-8DA8-417F-9545-4FC5B5179951}.AppStore|iPhoneSimulator.Build.0 = AppStore|iPhoneSimulator
		{548C2C84-8DA8-417F-9545-4FC5B5179951}.AppStore|iPhoneSimulator.Deploy.0 = AppStore|iPhoneSimulator
		{548C2C84-8DA8-417F-9545-4FC5B5179951}.Debug|Any CPU.ActiveCfg = Debug|iPhoneSimulator
		{548C2C84-8DA8-417F-9545-4FC5B5179951}.Debug|Any CPU.Build.0 = Debug|iPhoneSimulator
		{548C2C84-8DA8-417F-9545-4FC5B5179951}.Debug|Any CPU.Deploy.0 = Debug|iPhoneSimulator
		{548C2C84-8DA8-417F-9545-4FC5B5179951}.Debug|iPhone.ActiveCfg = Debug|iPhone
		{548C2C84-8DA8-417F-9545-4FC5B5179951}.Debug|iPhone.Build.0 = Debug|iPhone
		{548C2C84-8DA8-417F-9545-4FC5B5179951}.Debug|iPhone.Deploy.0 = Debug|iPhone
		{548C2C84-8DA8-417F-9545-4FC5B5179951}.Debug|iPhoneSimulator.ActiveCfg = Debug|iPhoneSimulator
		{548C2C84-8DA8-417F-9545-4FC5B5179951}.Debug|iPhoneSimulator.Build.0 = Debug|iPhoneSimulator
		{548C2C84-8DA8-417F-9545-4FC5B5179951}.Debug|iPhoneSimulator.Deploy.0 = Debug|iPhoneSimulator
		{548C2C84-8DA8-417F-9545-4FC5B5179951}.Release|Any CPU.ActiveCfg = Release|iPhone
		{548C2C84-8DA8-417F-9545-4FC5B5179951}.Release|Any CPU.Build.0 = Release|iPhone
		{548C2C84-8DA8-417F-9545-4FC5B5179951}.Release|Any CPU.Deploy.0 = Release|iPhone
		{548C2C84-8DA8-417F-9545-4FC5B5179951}.Release|iPhone.ActiveCfg = Release|iPhone
		{548C2C84-8DA8-417F-9545-4FC5B5179951}.Release|iPhone.Build.0 = Release|iPhone
		{548C2C84-8DA8-417F-9545-4FC5B5179951}.Release|iPhone.Deploy.0 = Release|iPhone
		{548C2C84-8DA8-417F-9545-4FC5B5179951}.Release|iPhoneSimulator.ActiveCfg = Release|iPhoneSimulator
		{548C2C84-8DA8-417F-9545-4FC5B5179951}.Release|iPhoneSimulator.Build.0 = Release|iPhoneSimulator
		{548C2C84-8DA8-417F-9545-4FC5B5179951}.Release|iPhoneSimulator.Deploy.0 = Release|iPhoneSimulator
		{F85B6992-F9C6-4BE7-9E3E-CF823F3EDD2C}.Ad-Hoc|Any CPU.ActiveCfg = Debug|Any CPU
		{F85B6992-F9C6-4BE7-9E3E-CF823F3EDD2C}.Ad-Hoc|Any CPU.Build.0 = Debug|Any CPU
		{F85B6992-F9C6-4BE7-9E3E-CF823F3EDD2C}.Ad-Hoc|Any CPU.Deploy.0 = Debug|Any CPU
		{F85B6992-F9C6-4BE7-9E3E-CF823F3EDD2C}.Ad-Hoc|iPhone.ActiveCfg = Debug|Any CPU
		{F85B6992-F9C6-4BE7-9E3E-CF823F3EDD2C}.Ad-Hoc|iPhone.Build.0 = Debug|Any CPU
		{F85B6992-F9C6-4BE7-9E3E-CF823F3EDD2C}.Ad-Hoc|iPhone.Deploy.0 = Debug|Any CPU
		{F85B6992-F9C6-4BE7-9E3E-CF823F3EDD2C}.Ad-Hoc|iPhoneSimulator.ActiveCfg = Debug|Any CPU
		{F85B6992-F9C6-4BE7-9E3E-CF823F3EDD2C}.Ad-Hoc|iPhoneSimulator.Build.0 = Debug|Any CPU
		{F85B6992-F9C6-4BE7-9E3E-CF823F3EDD2C}.Ad-Hoc|iPhoneSimulator.Deploy.0 = Debug|Any CPU
		{F85B6992-F9C6-4BE7-9E3E-CF823F3EDD2C}.AppStore|Any CPU.ActiveCfg = Debug|Any CPU
		{F85B6992-F9C6-4BE7-9E3E-CF823F3EDD2C}.AppStore|Any CPU.Build.0 = Debug|Any CPU
		{F85B6992-F9C6-4BE7-9E3E-CF823F3EDD2C}.AppStore|Any CPU.Deploy.0 = Debug|Any CPU
		{F85B6992-F9C6-4BE7-9E3E-CF823F3EDD2C}.AppStore|iPhone.ActiveCfg = Debug|Any CPU
		{F85B6992-F9C6-4BE7-9E3E-CF823F3EDD2C}.AppStore|iPhone.Build.0 = Debug|Any CPU
		{F85B6992-F9C6-4BE7-9E3E-CF823F3EDD2C}.AppStore|iPhone.Deploy.0 = Debug|Any CPU
		{F85B6992-F9C6-4BE7-9E3E-CF823F3EDD2C}.AppStore|iPhoneSimulator.ActiveCfg = Debug|Any CPU
		{F85B6992-F9C6-4BE7-9E3E-CF823F3EDD2C}.AppStore|iPhoneSimulator.Build.0 = Debug|Any CPU
		{F85B6992-F9C6-4BE7-9E3E-CF823F3EDD2C}.AppStore|iPhoneSimulator.Deploy.0 = Debug|Any CPU
		{F85B6992-F9C6-4BE7-9E3E-CF823F3EDD2C}.Debug|Any CPU.ActiveCfg = Debug|Any CPU
		{F85B6992-F9C6-4BE7-9E3E-CF823F3EDD2C}.Debug|Any CPU.Build.0 = Debug|Any CPU
		{F85B6992-F9C6-4BE7-9E3E-CF823F3EDD2C}.Debug|Any CPU.Deploy.0 = Debug|Any CPU
		{F85B6992-F9C6-4BE7-9E3E-CF823F3EDD2C}.Debug|iPhone.ActiveCfg = Debug|Any CPU
		{F85B6992-F9C6-4BE7-9E3E-CF823F3EDD2C}.Debug|iPhone.Build.0 = Debug|Any CPU
		{F85B6992-F9C6-4BE7-9E3E-CF823F3EDD2C}.Debug|iPhone.Deploy.0 = Debug|Any CPU
		{F85B6992-F9C6-4BE7-9E3E-CF823F3EDD2C}.Debug|iPhoneSimulator.ActiveCfg = Debug|Any CPU
		{F85B6992-F9C6-4BE7-9E3E-CF823F3EDD2C}.Debug|iPhoneSimulator.Build.0 = Debug|Any CPU
		{F85B6992-F9C6-4BE7-9E3E-CF823F3EDD2C}.Debug|iPhoneSimulator.Deploy.0 = Debug|Any CPU
		{F85B6992-F9C6-4BE7-9E3E-CF823F3EDD2C}.Release|Any CPU.ActiveCfg = Release|Any CPU
		{F85B6992-F9C6-4BE7-9E3E-CF823F3EDD2C}.Release|Any CPU.Build.0 = Release|Any CPU
		{F85B6992-F9C6-4BE7-9E3E-CF823F3EDD2C}.Release|Any CPU.Deploy.0 = Release|Any CPU
		{F85B6992-F9C6-4BE7-9E3E-CF823F3EDD2C}.Release|iPhone.ActiveCfg = Release|Any CPU
		{F85B6992-F9C6-4BE7-9E3E-CF823F3EDD2C}.Release|iPhone.Build.0 = Release|Any CPU
		{F85B6992-F9C6-4BE7-9E3E-CF823F3EDD2C}.Release|iPhone.Deploy.0 = Release|Any CPU
		{F85B6992-F9C6-4BE7-9E3E-CF823F3EDD2C}.Release|iPhoneSimulator.ActiveCfg = Release|Any CPU
		{F85B6992-F9C6-4BE7-9E3E-CF823F3EDD2C}.Release|iPhoneSimulator.Build.0 = Release|Any CPU
		{F85B6992-F9C6-4BE7-9E3E-CF823F3EDD2C}.Release|iPhoneSimulator.Deploy.0 = Release|Any CPU
	EndGlobalSection
	GlobalSection(SolutionProperties) = preSolution
		HideSolutionNode = FALSE
	EndGlobalSection
	GlobalSection(ExtensibilityGlobals) = postSolution
		SolutionGuid = {B203EECC-81DC-42FE-B1FD-D57D3016D1F4}
	EndGlobalSection
EndGlobal
